// !$*UTF8*$!
{
	archiveVersion = 1;
	classes = {
	};
	objectVersion = 52;
	objects = {

/* Begin PBXBuildFile section */
		41501E392381C625006C65E9 /* AppDelegate.swift in Sources */ = {isa = PBXBuildFile; fileRef = 41501E382381C625006C65E9 /* AppDelegate.swift */; };
		41501E3B2381C625006C65E9 /* SceneDelegate.swift in Sources */ = {isa = PBXBuildFile; fileRef = 41501E3A2381C625006C65E9 /* SceneDelegate.swift */; };
		41501E3E2381C625006C65E9 /* NEOTracker.xcdatamodeld in Sources */ = {isa = PBXBuildFile; fileRef = 41501E3C2381C625006C65E9 /* NEOTracker.xcdatamodeld */; };
		41501E402381C625006C65E9 /* ContentView.swift in Sources */ = {isa = PBXBuildFile; fileRef = 41501E3F2381C625006C65E9 /* ContentView.swift */; };
		41501E422381C628006C65E9 /* Assets.xcassets in Resources */ = {isa = PBXBuildFile; fileRef = 41501E412381C628006C65E9 /* Assets.xcassets */; };
		41501E452381C628006C65E9 /* Preview Assets.xcassets in Resources */ = {isa = PBXBuildFile; fileRef = 41501E442381C628006C65E9 /* Preview Assets.xcassets */; };
		41501E482381C628006C65E9 /* LaunchScreen.storyboard in Resources */ = {isa = PBXBuildFile; fileRef = 41501E462381C628006C65E9 /* LaunchScreen.storyboard */; };
		41501E532381C628006C65E9 /* NEOTrackerTests.swift in Sources */ = {isa = PBXBuildFile; fileRef = 41501E522381C628006C65E9 /* NEOTrackerTests.swift */; };
		41501E622381C670006C65E9 /* NetwokingManager.swift in Sources */ = {isa = PBXBuildFile; fileRef = 41501E612381C670006C65E9 /* NetwokingManager.swift */; };
		41501E652381C6A6006C65E9 /* Alamofire in Frameworks */ = {isa = PBXBuildFile; productRef = 41501E642381C6A6006C65E9 /* Alamofire */; };
		41501E672381C6D3006C65E9 /* Logging.swift in Sources */ = {isa = PBXBuildFile; fileRef = 41501E662381C6D3006C65E9 /* Logging.swift */; };
		41501E692381C6F7006C65E9 /* DateFormatterExtensions.swift in Sources */ = {isa = PBXBuildFile; fileRef = 41501E682381C6F7006C65E9 /* DateFormatterExtensions.swift */; };
		41501E6C2381C75E006C65E9 /* NEOService.swift in Sources */ = {isa = PBXBuildFile; fileRef = 41501E6B2381C75E006C65E9 /* NEOService.swift */; };
/* End PBXBuildFile section */

/* Begin PBXContainerItemProxy section */
		41501E4F2381C628006C65E9 /* PBXContainerItemProxy */ = {
			isa = PBXContainerItemProxy;
			containerPortal = 41501E2D2381C625006C65E9 /* Project object */;
			proxyType = 1;
			remoteGlobalIDString = 41501E342381C625006C65E9;
			remoteInfo = NEOTracker;
		};
/* End PBXContainerItemProxy section */

/* Begin PBXFileReference section */
		41501E352381C625006C65E9 /* NEOTracker.app */ = {isa = PBXFileReference; explicitFileType = wrapper.application; includeInIndex = 0; path = NEOTracker.app; sourceTree = BUILT_PRODUCTS_DIR; };
		41501E382381C625006C65E9 /* AppDelegate.swift */ = {isa = PBXFileReference; lastKnownFileType = sourcecode.swift; path = AppDelegate.swift; sourceTree = "<group>"; };
		41501E3A2381C625006C65E9 /* SceneDelegate.swift */ = {isa = PBXFileReference; lastKnownFileType = sourcecode.swift; path = SceneDelegate.swift; sourceTree = "<group>"; };
		41501E3D2381C625006C65E9 /* NEOTracker.xcdatamodel */ = {isa = PBXFileReference; lastKnownFileType = wrapper.xcdatamodel; path = NEOTracker.xcdatamodel; sourceTree = "<group>"; };
		41501E3F2381C625006C65E9 /* ContentView.swift */ = {isa = PBXFileReference; lastKnownFileType = sourcecode.swift; path = ContentView.swift; sourceTree = "<group>"; };
		41501E412381C628006C65E9 /* Assets.xcassets */ = {isa = PBXFileReference; lastKnownFileType = folder.assetcatalog; path = Assets.xcassets; sourceTree = "<group>"; };
		41501E442381C628006C65E9 /* Preview Assets.xcassets */ = {isa = PBXFileReference; lastKnownFileType = folder.assetcatalog; path = "Preview Assets.xcassets"; sourceTree = "<group>"; };
		41501E472381C628006C65E9 /* Base */ = {isa = PBXFileReference; lastKnownFileType = file.storyboard; name = Base; path = Base.lproj/LaunchScreen.storyboard; sourceTree = "<group>"; };
		41501E492381C628006C65E9 /* Info.plist */ = {isa = PBXFileReference; lastKnownFileType = text.plist.xml; path = Info.plist; sourceTree = "<group>"; };
		41501E4E2381C628006C65E9 /* NEOTrackerTests.xctest */ = {isa = PBXFileReference; explicitFileType = wrapper.cfbundle; includeInIndex = 0; path = NEOTrackerTests.xctest; sourceTree = BUILT_PRODUCTS_DIR; };
		41501E522381C628006C65E9 /* NEOTrackerTests.swift */ = {isa = PBXFileReference; lastKnownFileType = sourcecode.swift; path = NEOTrackerTests.swift; sourceTree = "<group>"; };
		41501E542381C628006C65E9 /* Info.plist */ = {isa = PBXFileReference; lastKnownFileType = text.plist.xml; path = Info.plist; sourceTree = "<group>"; };
		41501E612381C670006C65E9 /* NetwokingManager.swift */ = {isa = PBXFileReference; lastKnownFileType = sourcecode.swift; path = NetwokingManager.swift; sourceTree = "<group>"; };
		41501E662381C6D3006C65E9 /* Logging.swift */ = {isa = PBXFileReference; lastKnownFileType = sourcecode.swift; path = Logging.swift; sourceTree = "<group>"; };
		41501E682381C6F7006C65E9 /* DateFormatterExtensions.swift */ = {isa = PBXFileReference; lastKnownFileType = sourcecode.swift; path = DateFormatterExtensions.swift; sourceTree = "<group>"; };
		41501E6B2381C75E006C65E9 /* NEOService.swift */ = {isa = PBXFileReference; lastKnownFileType = sourcecode.swift; path = NEOService.swift; sourceTree = "<group>"; };
/* End PBXFileReference section */

/* Begin PBXFrameworksBuildPhase section */
		41501E322381C625006C65E9 /* Frameworks */ = {
			isa = PBXFrameworksBuildPhase;
			buildActionMask = 2147483647;
			files = (
				41501E652381C6A6006C65E9 /* Alamofire in Frameworks */,
			);
			runOnlyForDeploymentPostprocessing = 0;
		};
		41501E4B2381C628006C65E9 /* Frameworks */ = {
			isa = PBXFrameworksBuildPhase;
			buildActionMask = 2147483647;
			files = (
			);
			runOnlyForDeploymentPostprocessing = 0;
		};
/* End PBXFrameworksBuildPhase section */

/* Begin PBXGroup section */
		41501E2C2381C625006C65E9 = {
			isa = PBXGroup;
			children = (
				41501E372381C625006C65E9 /* NEOTracker */,
				41501E512381C628006C65E9 /* NEOTrackerTests */,
				41501E362381C625006C65E9 /* Products */,
			);
			sourceTree = "<group>";
		};
		41501E362381C625006C65E9 /* Products */ = {
			isa = PBXGroup;
			children = (
				41501E352381C625006C65E9 /* NEOTracker.app */,
				41501E4E2381C628006C65E9 /* NEOTrackerTests.xctest */,
			);
			name = Products;
			sourceTree = "<group>";
		};
		41501E372381C625006C65E9 /* NEOTracker */ = {
			isa = PBXGroup;
			children = (
				41501E602381C659006C65E9 /* Extensions */,
				41501E5F2381C650006C65E9 /* Helpers */,
				41501E5D2381C636006C65E9 /* Models */,
				41501E5E2381C647006C65E9 /* Networking */,
				41501E3F2381C625006C65E9 /* ContentView.swift */,
				41501E3A2381C625006C65E9 /* SceneDelegate.swift */,
				41501E412381C628006C65E9 /* Assets.xcassets */,
				41501E462381C628006C65E9 /* LaunchScreen.storyboard */,
				41501E492381C628006C65E9 /* Info.plist */,
				41501E3C2381C625006C65E9 /* NEOTracker.xcdatamodeld */,
				41501E382381C625006C65E9 /* AppDelegate.swift */,
				41501E432381C628006C65E9 /* Preview Content */,
			);
			path = NEOTracker;
			sourceTree = "<group>";
		};
		41501E432381C628006C65E9 /* Preview Content */ = {
			isa = PBXGroup;
			children = (
				41501E442381C628006C65E9 /* Preview Assets.xcassets */,
			);
			path = "Preview Content";
			sourceTree = "<group>";
		};
		41501E512381C628006C65E9 /* NEOTrackerTests */ = {
			isa = PBXGroup;
			children = (
				41501E522381C628006C65E9 /* NEOTrackerTests.swift */,
				41501E542381C628006C65E9 /* Info.plist */,
			);
			path = NEOTrackerTests;
			sourceTree = "<group>";
		};
		41501E5D2381C636006C65E9 /* Models */ = {
			isa = PBXGroup;
			children = (
			);
			path = Models;
			sourceTree = "<group>";
		};
		41501E5E2381C647006C65E9 /* Networking */ = {
			isa = PBXGroup;
			children = (
				41501E6A2381C74A006C65E9 /* Services */,
				41501E612381C670006C65E9 /* NetwokingManager.swift */,
			);
			path = Networking;
			sourceTree = "<group>";
		};
		41501E5F2381C650006C65E9 /* Helpers */ = {
			isa = PBXGroup;
			children = (
				41501E662381C6D3006C65E9 /* Logging.swift */,
			);
			path = Helpers;
			sourceTree = "<group>";
		};
		41501E602381C659006C65E9 /* Extensions */ = {
			isa = PBXGroup;
			children = (
				41501E682381C6F7006C65E9 /* DateFormatterExtensions.swift */,
			);
			path = Extensions;
			sourceTree = "<group>";
		};
		41501E6A2381C74A006C65E9 /* Services */ = {
			isa = PBXGroup;
			children = (
				41501E6B2381C75E006C65E9 /* NEOService.swift */,
			);
			path = Services;
			sourceTree = "<group>";
		};
/* End PBXGroup section */

/* Begin PBXNativeTarget section */
		41501E342381C625006C65E9 /* NEOTracker */ = {
			isa = PBXNativeTarget;
			buildConfigurationList = 41501E572381C628006C65E9 /* Build configuration list for PBXNativeTarget "NEOTracker" */;
			buildPhases = (
				41501E312381C625006C65E9 /* Sources */,
				41501E322381C625006C65E9 /* Frameworks */,
				41501E332381C625006C65E9 /* Resources */,
			);
			buildRules = (
			);
			dependencies = (
			);
			name = NEOTracker;
			packageProductDependencies = (
				41501E642381C6A6006C65E9 /* Alamofire */,
			);
			productName = NEOTracker;
			productReference = 41501E352381C625006C65E9 /* NEOTracker.app */;
			productType = "com.apple.product-type.application";
		};
		41501E4D2381C628006C65E9 /* NEOTrackerTests */ = {
			isa = PBXNativeTarget;
			buildConfigurationList = 41501E5A2381C628006C65E9 /* Build configuration list for PBXNativeTarget "NEOTrackerTests" */;
			buildPhases = (
				41501E4A2381C628006C65E9 /* Sources */,
				41501E4B2381C628006C65E9 /* Frameworks */,
				41501E4C2381C628006C65E9 /* Resources */,
			);
			buildRules = (
			);
			dependencies = (
				41501E502381C628006C65E9 /* PBXTargetDependency */,
			);
			name = NEOTrackerTests;
			productName = NEOTrackerTests;
			productReference = 41501E4E2381C628006C65E9 /* NEOTrackerTests.xctest */;
			productType = "com.apple.product-type.bundle.unit-test";
		};
/* End PBXNativeTarget section */

/* Begin PBXProject section */
		41501E2D2381C625006C65E9 /* Project object */ = {
			isa = PBXProject;
			attributes = {
				LastSwiftUpdateCheck = 1120;
				LastUpgradeCheck = 1120;
				ORGANIZATIONNAME = "Steven Schwedt";
				TargetAttributes = {
					41501E342381C625006C65E9 = {
						CreatedOnToolsVersion = 11.2;
					};
					41501E4D2381C628006C65E9 = {
						CreatedOnToolsVersion = 11.2;
						TestTargetID = 41501E342381C625006C65E9;
					};
				};
			};
			buildConfigurationList = 41501E302381C625006C65E9 /* Build configuration list for PBXProject "NEOTracker" */;
			compatibilityVersion = "Xcode 9.3";
			developmentRegion = en;
			hasScannedForEncodings = 0;
			knownRegions = (
				en,
				Base,
			);
			mainGroup = 41501E2C2381C625006C65E9;
			packageReferences = (
				41501E632381C6A6006C65E9 /* XCRemoteSwiftPackageReference "Alamofire" */,
			);
			productRefGroup = 41501E362381C625006C65E9 /* Products */;
			projectDirPath = "";
			projectRoot = "";
			targets = (
				41501E342381C625006C65E9 /* NEOTracker */,
				41501E4D2381C628006C65E9 /* NEOTrackerTests */,
			);
		};
/* End PBXProject section */

/* Begin PBXResourcesBuildPhase section */
		41501E332381C625006C65E9 /* Resources */ = {
			isa = PBXResourcesBuildPhase;
			buildActionMask = 2147483647;
			files = (
				41501E482381C628006C65E9 /* LaunchScreen.storyboard in Resources */,
				41501E452381C628006C65E9 /* Preview Assets.xcassets in Resources */,
				41501E422381C628006C65E9 /* Assets.xcassets in Resources */,
			);
			runOnlyForDeploymentPostprocessing = 0;
		};
		41501E4C2381C628006C65E9 /* Resources */ = {
			isa = PBXResourcesBuildPhase;
			buildActionMask = 2147483647;
			files = (
			);
			runOnlyForDeploymentPostprocessing = 0;
		};
/* End PBXResourcesBuildPhase section */

/* Begin PBXSourcesBuildPhase section */
		41501E312381C625006C65E9 /* Sources */ = {
			isa = PBXSourcesBuildPhase;
			buildActionMask = 2147483647;
			files = (
				41501E392381C625006C65E9 /* AppDelegate.swift in Sources */,
				41501E672381C6D3006C65E9 /* Logging.swift in Sources */,
				41501E622381C670006C65E9 /* NetwokingManager.swift in Sources */,
				41501E3B2381C625006C65E9 /* SceneDelegate.swift in Sources */,
				41501E402381C625006C65E9 /* ContentView.swift in Sources */,
				41501E3E2381C625006C65E9 /* NEOTracker.xcdatamodeld in Sources */,
				41501E6C2381C75E006C65E9 /* NEOService.swift in Sources */,
				41501E692381C6F7006C65E9 /* DateFormatterExtensions.swift in Sources */,
			);
			runOnlyForDeploymentPostprocessing = 0;
		};
		41501E4A2381C628006C65E9 /* Sources */ = {
			isa = PBXSourcesBuildPhase;
			buildActionMask = 2147483647;
			files = (
				41501E532381C628006C65E9 /* NEOTrackerTests.swift in Sources */,
			);
			runOnlyForDeploymentPostprocessing = 0;
		};
/* End PBXSourcesBuildPhase section */

/* Begin PBXTargetDependency section */
		41501E502381C628006C65E9 /* PBXTargetDependency */ = {
			isa = PBXTargetDependency;
			target = 41501E342381C625006C65E9 /* NEOTracker */;
			targetProxy = 41501E4F2381C628006C65E9 /* PBXContainerItemProxy */;
		};
/* End PBXTargetDependency section */

/* Begin PBXVariantGroup section */
		41501E462381C628006C65E9 /* LaunchScreen.storyboard */ = {
			isa = PBXVariantGroup;
			children = (
				41501E472381C628006C65E9 /* Base */,
			);
			name = LaunchScreen.storyboard;
			sourceTree = "<group>";
		};
/* End PBXVariantGroup section */

/* Begin XCBuildConfiguration section */
		41501E552381C628006C65E9 /* Debug */ = {
			isa = XCBuildConfiguration;
			buildSettings = {
				ALWAYS_SEARCH_USER_PATHS = NO;
				CLANG_ANALYZER_NONNULL = YES;
				CLANG_ANALYZER_NUMBER_OBJECT_CONVERSION = YES_AGGRESSIVE;
				CLANG_CXX_LANGUAGE_STANDARD = "gnu++14";
				CLANG_CXX_LIBRARY = "libc++";
				CLANG_ENABLE_MODULES = YES;
				CLANG_ENABLE_OBJC_ARC = YES;
				CLANG_ENABLE_OBJC_WEAK = YES;
				CLANG_WARN_BLOCK_CAPTURE_AUTORELEASING = YES;
				CLANG_WARN_BOOL_CONVERSION = YES;
				CLANG_WARN_COMMA = YES;
				CLANG_WARN_CONSTANT_CONVERSION = YES;
				CLANG_WARN_DEPRECATED_OBJC_IMPLEMENTATIONS = YES;
				CLANG_WARN_DIRECT_OBJC_ISA_USAGE = YES_ERROR;
				CLANG_WARN_DOCUMENTATION_COMMENTS = YES;
				CLANG_WARN_EMPTY_BODY = YES;
				CLANG_WARN_ENUM_CONVERSION = YES;
				CLANG_WARN_INFINITE_RECURSION = YES;
				CLANG_WARN_INT_CONVERSION = YES;
				CLANG_WARN_NON_LITERAL_NULL_CONVERSION = YES;
				CLANG_WARN_OBJC_IMPLICIT_RETAIN_SELF = YES;
				CLANG_WARN_OBJC_LITERAL_CONVERSION = YES;
				CLANG_WARN_OBJC_ROOT_CLASS = YES_ERROR;
				CLANG_WARN_RANGE_LOOP_ANALYSIS = YES;
				CLANG_WARN_STRICT_PROTOTYPES = YES;
				CLANG_WARN_SUSPICIOUS_MOVE = YES;
				CLANG_WARN_UNGUARDED_AVAILABILITY = YES_AGGRESSIVE;
				CLANG_WARN_UNREACHABLE_CODE = YES;
				CLANG_WARN__DUPLICATE_METHOD_MATCH = YES;
				COPY_PHASE_STRIP = NO;
				DEBUG_INFORMATION_FORMAT = dwarf;
				ENABLE_STRICT_OBJC_MSGSEND = YES;
				ENABLE_TESTABILITY = YES;
				GCC_C_LANGUAGE_STANDARD = gnu11;
				GCC_DYNAMIC_NO_PIC = NO;
				GCC_NO_COMMON_BLOCKS = YES;
				GCC_OPTIMIZATION_LEVEL = 0;
				GCC_PREPROCESSOR_DEFINITIONS = (
					"DEBUG=1",
					"$(inherited)",
				);
				GCC_WARN_64_TO_32_BIT_CONVERSION = YES;
				GCC_WARN_ABOUT_RETURN_TYPE = YES_ERROR;
				GCC_WARN_UNDECLARED_SELECTOR = YES;
				GCC_WARN_UNINITIALIZED_AUTOS = YES_AGGRESSIVE;
				GCC_WARN_UNUSED_FUNCTION = YES;
				GCC_WARN_UNUSED_VARIABLE = YES;
				IPHONEOS_DEPLOYMENT_TARGET = 13.2;
				MTL_ENABLE_DEBUG_INFO = INCLUDE_SOURCE;
				MTL_FAST_MATH = YES;
				ONLY_ACTIVE_ARCH = YES;
				SDKROOT = iphoneos;
				SWIFT_ACTIVE_COMPILATION_CONDITIONS = DEBUG;
				SWIFT_OPTIMIZATION_LEVEL = "-Onone";
			};
			name = Debug;
		};
		41501E562381C628006C65E9 /* Release */ = {
			isa = XCBuildConfiguration;
			buildSettings = {
				ALWAYS_SEARCH_USER_PATHS = NO;
				CLANG_ANALYZER_NONNULL = YES;
				CLANG_ANALYZER_NUMBER_OBJECT_CONVERSION = YES_AGGRESSIVE;
				CLANG_CXX_LANGUAGE_STANDARD = "gnu++14";
				CLANG_CXX_LIBRARY = "libc++";
				CLANG_ENABLE_MODULES = YES;
				CLANG_ENABLE_OBJC_ARC = YES;
				CLANG_ENABLE_OBJC_WEAK = YES;
				CLANG_WARN_BLOCK_CAPTURE_AUTORELEASING = YES;
				CLANG_WARN_BOOL_CONVERSION = YES;
				CLANG_WARN_COMMA = YES;
				CLANG_WARN_CONSTANT_CONVERSION = YES;
				CLANG_WARN_DEPRECATED_OBJC_IMPLEMENTATIONS = YES;
				CLANG_WARN_DIRECT_OBJC_ISA_USAGE = YES_ERROR;
				CLANG_WARN_DOCUMENTATION_COMMENTS = YES;
				CLANG_WARN_EMPTY_BODY = YES;
				CLANG_WARN_ENUM_CONVERSION = YES;
				CLANG_WARN_INFINITE_RECURSION = YES;
				CLANG_WARN_INT_CONVERSION = YES;
				CLANG_WARN_NON_LITERAL_NULL_CONVERSION = YES;
				CLANG_WARN_OBJC_IMPLICIT_RETAIN_SELF = YES;
				CLANG_WARN_OBJC_LITERAL_CONVERSION = YES;
				CLANG_WARN_OBJC_ROOT_CLASS = YES_ERROR;
				CLANG_WARN_RANGE_LOOP_ANALYSIS = YES;
				CLANG_WARN_STRICT_PROTOTYPES = YES;
				CLANG_WARN_SUSPICIOUS_MOVE = YES;
				CLANG_WARN_UNGUARDED_AVAILABILITY = YES_AGGRESSIVE;
				CLANG_WARN_UNREACHABLE_CODE = YES;
				CLANG_WARN__DUPLICATE_METHOD_MATCH = YES;
				COPY_PHASE_STRIP = NO;
				DEBUG_INFORMATION_FORMAT = "dwarf-with-dsym";
				ENABLE_NS_ASSERTIONS = NO;
				ENABLE_STRICT_OBJC_MSGSEND = YES;
				GCC_C_LANGUAGE_STANDARD = gnu11;
				GCC_NO_COMMON_BLOCKS = YES;
				GCC_WARN_64_TO_32_BIT_CONVERSION = YES;
				GCC_WARN_ABOUT_RETURN_TYPE = YES_ERROR;
				GCC_WARN_UNDECLARED_SELECTOR = YES;
				GCC_WARN_UNINITIALIZED_AUTOS = YES_AGGRESSIVE;
				GCC_WARN_UNUSED_FUNCTION = YES;
				GCC_WARN_UNUSED_VARIABLE = YES;
				IPHONEOS_DEPLOYMENT_TARGET = 13.2;
				MTL_ENABLE_DEBUG_INFO = NO;
				MTL_FAST_MATH = YES;
				SDKROOT = iphoneos;
				SWIFT_COMPILATION_MODE = wholemodule;
				SWIFT_OPTIMIZATION_LEVEL = "-O";
				VALIDATE_PRODUCT = YES;
			};
			name = Release;
		};
		41501E582381C628006C65E9 /* Debug */ = {
			isa = XCBuildConfiguration;
			buildSettings = {
				ASSETCATALOG_COMPILER_APPICON_NAME = AppIcon;
				CODE_SIGN_STYLE = Automatic;
				DEVELOPMENT_ASSET_PATHS = "\"NEOTracker/Preview Content\"";
				ENABLE_PREVIEWS = YES;
				INFOPLIST_FILE = NEOTracker/Info.plist;
				LD_RUNPATH_SEARCH_PATHS = (
					"$(inherited)",
					"@executable_path/Frameworks",
				);
				PRODUCT_BUNDLE_IDENTIFIER = com.steve.NEOTracker;
				PRODUCT_NAME = "$(TARGET_NAME)";
				SWIFT_VERSION = 5.0;
				TARGETED_DEVICE_FAMILY = "1,2";
			};
			name = Debug;
		};
		41501E592381C628006C65E9 /* Release */ = {
			isa = XCBuildConfiguration;
			buildSettings = {
				ASSETCATALOG_COMPILER_APPICON_NAME = AppIcon;
				CODE_SIGN_STYLE = Automatic;
				DEVELOPMENT_ASSET_PATHS = "\"NEOTracker/Preview Content\"";
				ENABLE_PREVIEWS = YES;
				INFOPLIST_FILE = NEOTracker/Info.plist;
				LD_RUNPATH_SEARCH_PATHS = (
					"$(inherited)",
					"@executable_path/Frameworks",
				);
				PRODUCT_BUNDLE_IDENTIFIER = com.steve.NEOTracker;
				PRODUCT_NAME = "$(TARGET_NAME)";
				SWIFT_VERSION = 5.0;
				TARGETED_DEVICE_FAMILY = "1,2";
			};
			name = Release;
		};
		41501E5B2381C628006C65E9 /* Debug */ = {
			isa = XCBuildConfiguration;
			buildSettings = {
				ALWAYS_EMBED_SWIFT_STANDARD_LIBRARIES = YES;
				BUNDLE_LOADER = "$(TEST_HOST)";
				CODE_SIGN_STYLE = Automatic;
				INFOPLIST_FILE = NEOTrackerTests/Info.plist;
				IPHONEOS_DEPLOYMENT_TARGET = 13.2;
				LD_RUNPATH_SEARCH_PATHS = (
					"$(inherited)",
					"@executable_path/Frameworks",
					"@loader_path/Frameworks",
				);
				PRODUCT_BUNDLE_IDENTIFIER = com.steve.NEOTrackerTests;
				PRODUCT_NAME = "$(TARGET_NAME)";
				SWIFT_VERSION = 5.0;
				TARGETED_DEVICE_FAMILY = "1,2";
				TEST_HOST = "$(BUILT_PRODUCTS_DIR)/NEOTracker.app/NEOTracker";
			};
			name = Debug;
		};
		41501E5C2381C628006C65E9 /* Release */ = {
			isa = XCBuildConfiguration;
			buildSettings = {
				ALWAYS_EMBED_SWIFT_STANDARD_LIBRARIES = YES;
				BUNDLE_LOADER = "$(TEST_HOST)";
				CODE_SIGN_STYLE = Automatic;
				INFOPLIST_FILE = NEOTrackerTests/Info.plist;
				IPHONEOS_DEPLOYMENT_TARGET = 13.2;
				LD_RUNPATH_SEARCH_PATHS = (
					"$(inherited)",
					"@executable_path/Frameworks",
					"@loader_path/Frameworks",
				);
				PRODUCT_BUNDLE_IDENTIFIER = com.steve.NEOTrackerTests;
				PRODUCT_NAME = "$(TARGET_NAME)";
				SWIFT_VERSION = 5.0;
				TARGETED_DEVICE_FAMILY = "1,2";
				TEST_HOST = "$(BUILT_PRODUCTS_DIR)/NEOTracker.app/NEOTracker";
			};
			name = Release;
		};
/* End XCBuildConfiguration section */

/* Begin XCConfigurationList section */
		41501E302381C625006C65E9 /* Build configuration list for PBXProject "NEOTracker" */ = {
			isa = XCConfigurationList;
			buildConfigurations = (
				41501E552381C628006C65E9 /* Debug */,
				41501E562381C628006C65E9 /* Release */,
			);
			defaultConfigurationIsVisible = 0;
			defaultConfigurationName = Release;
		};
		41501E572381C628006C65E9 /* Build configuration list for PBXNativeTarget "NEOTracker" */ = {
			isa = XCConfigurationList;
			buildConfigurations = (
				41501E582381C628006C65E9 /* Debug */,
				41501E592381C628006C65E9 /* Release */,
			);
			defaultConfigurationIsVisible = 0;
			defaultConfigurationName = Release;
		};
		41501E5A2381C628006C65E9 /* Build configuration list for PBXNativeTarget "NEOTrackerTests" */ = {
			isa = XCConfigurationList;
			buildConfigurations = (
				41501E5B2381C628006C65E9 /* Debug */,
				41501E5C2381C628006C65E9 /* Release */,
			);
			defaultConfigurationIsVisible = 0;
			defaultConfigurationName = Release;
		};
/* End XCConfigurationList section */

/* Begin XCRemoteSwiftPackageReference section */
		41501E632381C6A6006C65E9 /* XCRemoteSwiftPackageReference "Alamofire" */ = {
			isa = XCRemoteSwiftPackageReference;
			repositoryURL = "https://github.com/Alamofire/Alamofire.git";
			requirement = {
				kind = upToNextMajorVersion;
				minimumVersion = 4.9.1;
			};
		};
/* End XCRemoteSwiftPackageReference section */

/* Begin XCSwiftPackageProductDependency section */
		41501E642381C6A6006C65E9 /* Alamofire */ = {
			isa = XCSwiftPackageProductDependency;
			package = 41501E632381C6A6006C65E9 /* XCRemoteSwiftPackageReference "Alamofire" */;
			productName = Alamofire;
		};
/* End XCSwiftPackageProductDependency section */

/* Begin XCVersionGroup section */
		41501E3C2381C625006C65E9 /* NEOTracker.xcdatamodeld */ = {
			isa = XCVersionGroup;
			children = (
				41501E3D2381C625006C65E9 /* NEOTracker.xcdatamodel */,
			);
			currentVersion = 41501E3D2381C625006C65E9 /* NEOTracker.xcdatamodel */;
			path = NEOTracker.xcdatamodeld;
			sourceTree = "<group>";
			versionGroupType = wrapper.xcdatamodel;
		};
/* End XCVersionGroup section */
	};
	rootObject = 41501E2D2381C625006C65E9 /* Project object */;
}
